DEPENDENCIES
  elasticsearch
    git: https://github.com/elastic/cookbook-elasticsearch.git
    revision: eea1bd17f07cf83495d2e61cef39723a4e274c64
    branch: 0.3.x

GRAPH
  7-zip (1.0.2)
    windows (>= 1.2.2)
  ark (0.9.0)
    7-zip (>= 0.0.0)
    windows (>= 0.0.0)
  chef_handler (1.2.0)
  elasticsearch (0.3.14)
    ark (>= 0.2.4)
  windows (1.39.1)
    chef_handler (>= 0.0.0)
